// !$*UTF8*$!
{
	archiveVersion = 1;
	classes = {
	};
	objectVersion = 51;
	objects = {

/* Begin PBXBuildFile section */
		20AAD66B25608B8100DFB63F /* LoginViewController.swift in Sources */ = {isa = PBXBuildFile; fileRef = 20AAD66A25608B8100DFB63F /* LoginViewController.swift */; };
		20AAD6782560A90300DFB63F /* NewRideViewController.swift in Sources */ = {isa = PBXBuildFile; fileRef = 20AAD6772560A90300DFB63F /* NewRideViewController.swift */; };
		20AAD67D2560AE6C00DFB63F /* RideDetailsViewController.swift in Sources */ = {isa = PBXBuildFile; fileRef = 20AAD67C2560AE6C00DFB63F /* RideDetailsViewController.swift */; };
		20AAD682256369BF00DFB63F /* NewRide.storyboard in Resources */ = {isa = PBXBuildFile; fileRef = 20AAD681256369BF00DFB63F /* NewRide.storyboard */; };
		20AAD687256369E100DFB63F /* RideDetails.storyboard in Resources */ = {isa = PBXBuildFile; fileRef = 20AAD686256369E100DFB63F /* RideDetails.storyboard */; };
		45266175CFB098CA7FB83DFC /* Pods_rideshareTests.framework in Frameworks */ = {isa = PBXBuildFile; fileRef = 0BF0CB0EA57EE68C07BE5E0B /* Pods_rideshareTests.framework */; };
		48D44A812563721900E02BB7 /* AccountDetailsViewController.swift in Sources */ = {isa = PBXBuildFile; fileRef = 48D44A7E2563721900E02BB7 /* AccountDetailsViewController.swift */; };
		48D44A822563721900E02BB7 /* ProfileViewController.swift in Sources */ = {isa = PBXBuildFile; fileRef = 48D44A7F2563721900E02BB7 /* ProfileViewController.swift */; };
		48D44A832563721900E02BB7 /* RideOfferingsViewController.swift in Sources */ = {isa = PBXBuildFile; fileRef = 48D44A802563721900E02BB7 /* RideOfferingsViewController.swift */; };
		48D44A8A2563724800E02BB7 /* Profile.storyboard in Resources */ = {isa = PBXBuildFile; fileRef = 48D44A872563724800E02BB7 /* Profile.storyboard */; };
		48D44A8B2563724800E02BB7 /* AccountDetails.storyboard in Resources */ = {isa = PBXBuildFile; fileRef = 48D44A882563724800E02BB7 /* AccountDetails.storyboard */; };
		48D44A8C2563724800E02BB7 /* RideOfferings.storyboard in Resources */ = {isa = PBXBuildFile; fileRef = 48D44A892563724800E02BB7 /* RideOfferings.storyboard */; };
		48D44A932563725800E02BB7 /* ProfileTableViewCell.swift in Sources */ = {isa = PBXBuildFile; fileRef = 48D44A902563725800E02BB7 /* ProfileTableViewCell.swift */; };
		48D44A942563725800E02BB7 /* RideOfferingTableViewCell.swift in Sources */ = {isa = PBXBuildFile; fileRef = 48D44A912563725800E02BB7 /* RideOfferingTableViewCell.swift */; };
		48D44A952563725800E02BB7 /* AccountDetailsTableViewCell.swift in Sources */ = {isa = PBXBuildFile; fileRef = 48D44A922563725800E02BB7 /* AccountDetailsTableViewCell.swift */; };
		703E0AF3A3E85A466695D7C3 /* Pods_rideshare.framework in Frameworks */ = {isa = PBXBuildFile; fileRef = 9E22A1D47B076A00234AF5FB /* Pods_rideshare.framework */; };
		73D8A580E223BCEB97009AAA /* Pods_rideshare_rideshareUITests.framework in Frameworks */ = {isa = PBXBuildFile; fileRef = CFE7941CC011BD32589D7E76 /* Pods_rideshare_rideshareUITests.framework */; };
		A33E37F225689C530047D348 /* Settings.storyboard in Resources */ = {isa = PBXBuildFile; fileRef = A33E37F025689C530047D348 /* Settings.storyboard */; };
		A33E37FA2568B22E0047D348 /* SettingsViewController.swift in Sources */ = {isa = PBXBuildFile; fileRef = A33E37F92568B22E0047D348 /* SettingsViewController.swift */; };
		A33E37FF2568B33F0047D348 /* SettingsProfileCell.swift in Sources */ = {isa = PBXBuildFile; fileRef = A33E37FE2568B33F0047D348 /* SettingsProfileCell.swift */; };
		A34CDDF5254DB92900153A26 /* LoginScreen.storyboard in Resources */ = {isa = PBXBuildFile; fileRef = A34CDDF3254DB92900153A26 /* LoginScreen.storyboard */; };
		A35CACA8256DECD40019C89E /* SignUpViewController.swift in Sources */ = {isa = PBXBuildFile; fileRef = A35CACA7256DECD40019C89E /* SignUpViewController.swift */; };
		A3A7066A2560668300A597BD /* Inter-Thin-slnt=0.ttf in Resources */ = {isa = PBXBuildFile; fileRef = A3A706612560668200A597BD /* Inter-Thin-slnt=0.ttf */; };
		A3A7066B2560668300A597BD /* Inter-ExtraBold-slnt=0.ttf in Resources */ = {isa = PBXBuildFile; fileRef = A3A706622560668200A597BD /* Inter-ExtraBold-slnt=0.ttf */; };
		A3A7066C2560668300A597BD /* Inter-Light-slnt=0.ttf in Resources */ = {isa = PBXBuildFile; fileRef = A3A706632560668200A597BD /* Inter-Light-slnt=0.ttf */; };
		A3A7066D2560668300A597BD /* Inter-ExtraLight-slnt=0.ttf in Resources */ = {isa = PBXBuildFile; fileRef = A3A706642560668200A597BD /* Inter-ExtraLight-slnt=0.ttf */; };
		A3A7066E2560668300A597BD /* Inter-SemiBold-slnt=0.ttf in Resources */ = {isa = PBXBuildFile; fileRef = A3A706652560668200A597BD /* Inter-SemiBold-slnt=0.ttf */; };
		A3A7066F2560668300A597BD /* Inter-Medium-slnt=0.ttf in Resources */ = {isa = PBXBuildFile; fileRef = A3A706662560668200A597BD /* Inter-Medium-slnt=0.ttf */; };
		A3A706702560668300A597BD /* Inter-Bold-slnt=0.ttf in Resources */ = {isa = PBXBuildFile; fileRef = A3A706672560668200A597BD /* Inter-Bold-slnt=0.ttf */; };
		A3A706712560668300A597BD /* Inter-Regular-slnt=0.ttf in Resources */ = {isa = PBXBuildFile; fileRef = A3A706682560668300A597BD /* Inter-Regular-slnt=0.ttf */; };
		A3A706722560668300A597BD /* Inter-Black-slnt=0.ttf in Resources */ = {isa = PBXBuildFile; fileRef = A3A706692560668300A597BD /* Inter-Black-slnt=0.ttf */; };
		A3D8185C25699E47003F4510 /* SettingsContentCell.swift in Sources */ = {isa = PBXBuildFile; fileRef = A3D8185B25699E47003F4510 /* SettingsContentCell.swift */; };
		A3DE1647256AEFF50048196E /* User.swift in Sources */ = {isa = PBXBuildFile; fileRef = A3DE1646256AEFF50048196E /* User.swift */; };
		A3DE164C256AF1330048196E /* Trip.swift in Sources */ = {isa = PBXBuildFile; fileRef = A3DE164B256AF1330048196E /* Trip.swift */; };
		A3EBDC162547C3180019B31B /* AppDelegate.swift in Sources */ = {isa = PBXBuildFile; fileRef = A3EBDC152547C3180019B31B /* AppDelegate.swift */; };
		A3EBDC182547C3180019B31B /* SceneDelegate.swift in Sources */ = {isa = PBXBuildFile; fileRef = A3EBDC172547C3180019B31B /* SceneDelegate.swift */; };
		A3EBDC1D2547C3180019B31B /* Main.storyboard in Resources */ = {isa = PBXBuildFile; fileRef = A3EBDC1B2547C3180019B31B /* Main.storyboard */; };
		A3EBDC1F2547C3190019B31B /* Assets.xcassets in Resources */ = {isa = PBXBuildFile; fileRef = A3EBDC1E2547C3190019B31B /* Assets.xcassets */; };
		A3EBDC222547C3190019B31B /* LaunchScreen.storyboard in Resources */ = {isa = PBXBuildFile; fileRef = A3EBDC202547C3190019B31B /* LaunchScreen.storyboard */; };
		A3EBDC2D2547C3190019B31B /* rideshareTests.swift in Sources */ = {isa = PBXBuildFile; fileRef = A3EBDC2C2547C3190019B31B /* rideshareTests.swift */; };
		A3EBDC382547C3190019B31B /* rideshareUITests.swift in Sources */ = {isa = PBXBuildFile; fileRef = A3EBDC372547C3190019B31B /* rideshareUITests.swift */; };
/* End PBXBuildFile section */

/* Begin PBXContainerItemProxy section */
		A3EBDC292547C3190019B31B /* PBXContainerItemProxy */ = {
			isa = PBXContainerItemProxy;
			containerPortal = A3EBDC0A2547C3170019B31B /* Project object */;
			proxyType = 1;
			remoteGlobalIDString = A3EBDC112547C3180019B31B;
			remoteInfo = rideshare;
		};
		A3EBDC342547C3190019B31B /* PBXContainerItemProxy */ = {
			isa = PBXContainerItemProxy;
			containerPortal = A3EBDC0A2547C3170019B31B /* Project object */;
			proxyType = 1;
			remoteGlobalIDString = A3EBDC112547C3180019B31B;
			remoteInfo = rideshare;
		};
/* End PBXContainerItemProxy section */

/* Begin PBXFileReference section */
		043127EACA48CF0C1047517C /* Pods-rideshareTests.debug.xcconfig */ = {isa = PBXFileReference; includeInIndex = 1; lastKnownFileType = text.xcconfig; name = "Pods-rideshareTests.debug.xcconfig"; path = "Target Support Files/Pods-rideshareTests/Pods-rideshareTests.debug.xcconfig"; sourceTree = "<group>"; };
		0BF0CB0EA57EE68C07BE5E0B /* Pods_rideshareTests.framework */ = {isa = PBXFileReference; explicitFileType = wrapper.framework; includeInIndex = 0; path = Pods_rideshareTests.framework; sourceTree = BUILT_PRODUCTS_DIR; };
		20AAD66A25608B8100DFB63F /* LoginViewController.swift */ = {isa = PBXFileReference; lastKnownFileType = sourcecode.swift; name = LoginViewController.swift; path = rideshare/LoginViewController.swift; sourceTree = SOURCE_ROOT; };
		20AAD6772560A90300DFB63F /* NewRideViewController.swift */ = {isa = PBXFileReference; lastKnownFileType = sourcecode.swift; name = NewRideViewController.swift; path = rideshare/Controllers/NewRideViewController.swift; sourceTree = SOURCE_ROOT; };
		20AAD67C2560AE6C00DFB63F /* RideDetailsViewController.swift */ = {isa = PBXFileReference; lastKnownFileType = sourcecode.swift; name = RideDetailsViewController.swift; path = rideshare/Controllers/RideDetailsViewController.swift; sourceTree = SOURCE_ROOT; };
		20AAD681256369BF00DFB63F /* NewRide.storyboard */ = {isa = PBXFileReference; lastKnownFileType = file.storyboard; path = NewRide.storyboard; sourceTree = "<group>"; };
		20AAD686256369E100DFB63F /* RideDetails.storyboard */ = {isa = PBXFileReference; lastKnownFileType = file.storyboard; path = RideDetails.storyboard; sourceTree = "<group>"; };
		48D44A7E2563721900E02BB7 /* AccountDetailsViewController.swift */ = {isa = PBXFileReference; fileEncoding = 4; lastKnownFileType = sourcecode.swift; path = AccountDetailsViewController.swift; sourceTree = "<group>"; };
		48D44A7F2563721900E02BB7 /* ProfileViewController.swift */ = {isa = PBXFileReference; fileEncoding = 4; lastKnownFileType = sourcecode.swift; path = ProfileViewController.swift; sourceTree = "<group>"; };
		48D44A802563721900E02BB7 /* RideOfferingsViewController.swift */ = {isa = PBXFileReference; fileEncoding = 4; lastKnownFileType = sourcecode.swift; path = RideOfferingsViewController.swift; sourceTree = "<group>"; };
		48D44A872563724800E02BB7 /* Profile.storyboard */ = {isa = PBXFileReference; fileEncoding = 4; lastKnownFileType = file.storyboard; path = Profile.storyboard; sourceTree = "<group>"; };
		48D44A882563724800E02BB7 /* AccountDetails.storyboard */ = {isa = PBXFileReference; fileEncoding = 4; lastKnownFileType = file.storyboard; path = AccountDetails.storyboard; sourceTree = "<group>"; };
		48D44A892563724800E02BB7 /* RideOfferings.storyboard */ = {isa = PBXFileReference; fileEncoding = 4; lastKnownFileType = file.storyboard; path = RideOfferings.storyboard; sourceTree = "<group>"; };
		48D44A902563725800E02BB7 /* ProfileTableViewCell.swift */ = {isa = PBXFileReference; fileEncoding = 4; lastKnownFileType = sourcecode.swift; path = ProfileTableViewCell.swift; sourceTree = "<group>"; };
		48D44A912563725800E02BB7 /* RideOfferingTableViewCell.swift */ = {isa = PBXFileReference; fileEncoding = 4; lastKnownFileType = sourcecode.swift; path = RideOfferingTableViewCell.swift; sourceTree = "<group>"; };
		48D44A922563725800E02BB7 /* AccountDetailsTableViewCell.swift */ = {isa = PBXFileReference; fileEncoding = 4; lastKnownFileType = sourcecode.swift; path = AccountDetailsTableViewCell.swift; sourceTree = "<group>"; };
		6EC6106B182843B56A51E3CC /* Pods-rideshare-rideshareUITests.release.xcconfig */ = {isa = PBXFileReference; includeInIndex = 1; lastKnownFileType = text.xcconfig; name = "Pods-rideshare-rideshareUITests.release.xcconfig"; path = "Target Support Files/Pods-rideshare-rideshareUITests/Pods-rideshare-rideshareUITests.release.xcconfig"; sourceTree = "<group>"; };
		7F74A1F4BA3DF5D2E3509D3F /* Pods-rideshare.debug.xcconfig */ = {isa = PBXFileReference; includeInIndex = 1; lastKnownFileType = text.xcconfig; name = "Pods-rideshare.debug.xcconfig"; path = "Target Support Files/Pods-rideshare/Pods-rideshare.debug.xcconfig"; sourceTree = "<group>"; };
		825AFF90E0B4AB9BCAC059D7 /* Pods-rideshare.release.xcconfig */ = {isa = PBXFileReference; includeInIndex = 1; lastKnownFileType = text.xcconfig; name = "Pods-rideshare.release.xcconfig"; path = "Target Support Files/Pods-rideshare/Pods-rideshare.release.xcconfig"; sourceTree = "<group>"; };
		82E04AB6D89A2E92DEC6B6A9 /* Pods-rideshare-rideshareUITests.debug.xcconfig */ = {isa = PBXFileReference; includeInIndex = 1; lastKnownFileType = text.xcconfig; name = "Pods-rideshare-rideshareUITests.debug.xcconfig"; path = "Target Support Files/Pods-rideshare-rideshareUITests/Pods-rideshare-rideshareUITests.debug.xcconfig"; sourceTree = "<group>"; };
		9E22A1D47B076A00234AF5FB /* Pods_rideshare.framework */ = {isa = PBXFileReference; explicitFileType = wrapper.framework; includeInIndex = 0; path = Pods_rideshare.framework; sourceTree = BUILT_PRODUCTS_DIR; };
		A33E37F125689C530047D348 /* Base */ = {isa = PBXFileReference; lastKnownFileType = file.storyboard; name = Base; path = Base.lproj/Settings.storyboard; sourceTree = "<group>"; };
		A33E37F92568B22E0047D348 /* SettingsViewController.swift */ = {isa = PBXFileReference; lastKnownFileType = sourcecode.swift; path = SettingsViewController.swift; sourceTree = "<group>"; };
		A33E37FE2568B33F0047D348 /* SettingsProfileCell.swift */ = {isa = PBXFileReference; lastKnownFileType = sourcecode.swift; path = SettingsProfileCell.swift; sourceTree = "<group>"; };
		A34CDDF4254DB92900153A26 /* Base */ = {isa = PBXFileReference; lastKnownFileType = file.storyboard; name = Base; path = Base.lproj/LoginScreen.storyboard; sourceTree = "<group>"; };
		A35CACA7256DECD40019C89E /* SignUpViewController.swift */ = {isa = PBXFileReference; lastKnownFileType = sourcecode.swift; path = SignUpViewController.swift; sourceTree = "<group>"; };
		A3A706612560668200A597BD /* Inter-Thin-slnt=0.ttf */ = {isa = PBXFileReference; lastKnownFileType = file; name = "Inter-Thin-slnt=0.ttf"; path = "rideshare/Fonts/Inter-Thin-slnt=0.ttf"; sourceTree = SOURCE_ROOT; };
		A3A706622560668200A597BD /* Inter-ExtraBold-slnt=0.ttf */ = {isa = PBXFileReference; lastKnownFileType = file; name = "Inter-ExtraBold-slnt=0.ttf"; path = "rideshare/Fonts/Inter-ExtraBold-slnt=0.ttf"; sourceTree = SOURCE_ROOT; };
		A3A706632560668200A597BD /* Inter-Light-slnt=0.ttf */ = {isa = PBXFileReference; lastKnownFileType = file; name = "Inter-Light-slnt=0.ttf"; path = "rideshare/Fonts/Inter-Light-slnt=0.ttf"; sourceTree = SOURCE_ROOT; };
		A3A706642560668200A597BD /* Inter-ExtraLight-slnt=0.ttf */ = {isa = PBXFileReference; lastKnownFileType = file; name = "Inter-ExtraLight-slnt=0.ttf"; path = "rideshare/Fonts/Inter-ExtraLight-slnt=0.ttf"; sourceTree = SOURCE_ROOT; };
		A3A706652560668200A597BD /* Inter-SemiBold-slnt=0.ttf */ = {isa = PBXFileReference; lastKnownFileType = file; name = "Inter-SemiBold-slnt=0.ttf"; path = "rideshare/Fonts/Inter-SemiBold-slnt=0.ttf"; sourceTree = SOURCE_ROOT; };
		A3A706662560668200A597BD /* Inter-Medium-slnt=0.ttf */ = {isa = PBXFileReference; lastKnownFileType = file; name = "Inter-Medium-slnt=0.ttf"; path = "rideshare/Fonts/Inter-Medium-slnt=0.ttf"; sourceTree = SOURCE_ROOT; };
		A3A706672560668200A597BD /* Inter-Bold-slnt=0.ttf */ = {isa = PBXFileReference; lastKnownFileType = file; name = "Inter-Bold-slnt=0.ttf"; path = "rideshare/Fonts/Inter-Bold-slnt=0.ttf"; sourceTree = SOURCE_ROOT; };
		A3A706682560668300A597BD /* Inter-Regular-slnt=0.ttf */ = {isa = PBXFileReference; lastKnownFileType = file; name = "Inter-Regular-slnt=0.ttf"; path = "rideshare/Fonts/Inter-Regular-slnt=0.ttf"; sourceTree = SOURCE_ROOT; };
		A3A706692560668300A597BD /* Inter-Black-slnt=0.ttf */ = {isa = PBXFileReference; lastKnownFileType = file; name = "Inter-Black-slnt=0.ttf"; path = "rideshare/Fonts/Inter-Black-slnt=0.ttf"; sourceTree = SOURCE_ROOT; };
		A3D8185B25699E47003F4510 /* SettingsContentCell.swift */ = {isa = PBXFileReference; lastKnownFileType = sourcecode.swift; path = SettingsContentCell.swift; sourceTree = "<group>"; };
		A3DE1646256AEFF50048196E /* User.swift */ = {isa = PBXFileReference; lastKnownFileType = sourcecode.swift; name = User.swift; path = rideshare/User.swift; sourceTree = SOURCE_ROOT; };
		A3DE164B256AF1330048196E /* Trip.swift */ = {isa = PBXFileReference; lastKnownFileType = sourcecode.swift; name = Trip.swift; path = rideshare/Trip.swift; sourceTree = SOURCE_ROOT; };
		A3EBDC122547C3180019B31B /* rideshare.app */ = {isa = PBXFileReference; explicitFileType = wrapper.application; includeInIndex = 0; path = rideshare.app; sourceTree = BUILT_PRODUCTS_DIR; };
		A3EBDC152547C3180019B31B /* AppDelegate.swift */ = {isa = PBXFileReference; lastKnownFileType = sourcecode.swift; path = AppDelegate.swift; sourceTree = "<group>"; };
		A3EBDC172547C3180019B31B /* SceneDelegate.swift */ = {isa = PBXFileReference; lastKnownFileType = sourcecode.swift; path = SceneDelegate.swift; sourceTree = "<group>"; };
		A3EBDC1C2547C3180019B31B /* Base */ = {isa = PBXFileReference; lastKnownFileType = file.storyboard; name = Base; path = Base.lproj/Main.storyboard; sourceTree = "<group>"; };
		A3EBDC1E2547C3190019B31B /* Assets.xcassets */ = {isa = PBXFileReference; lastKnownFileType = folder.assetcatalog; path = Assets.xcassets; sourceTree = "<group>"; };
		A3EBDC212547C3190019B31B /* Base */ = {isa = PBXFileReference; lastKnownFileType = file.storyboard; name = Base; path = Base.lproj/LaunchScreen.storyboard; sourceTree = "<group>"; };
		A3EBDC232547C3190019B31B /* Info.plist */ = {isa = PBXFileReference; lastKnownFileType = text.plist.xml; path = Info.plist; sourceTree = "<group>"; };
		A3EBDC282547C3190019B31B /* rideshareTests.xctest */ = {isa = PBXFileReference; explicitFileType = wrapper.cfbundle; includeInIndex = 0; path = rideshareTests.xctest; sourceTree = BUILT_PRODUCTS_DIR; };
		A3EBDC2C2547C3190019B31B /* rideshareTests.swift */ = {isa = PBXFileReference; lastKnownFileType = sourcecode.swift; path = rideshareTests.swift; sourceTree = "<group>"; };
		A3EBDC2E2547C3190019B31B /* Info.plist */ = {isa = PBXFileReference; lastKnownFileType = text.plist.xml; path = Info.plist; sourceTree = "<group>"; };
		A3EBDC332547C3190019B31B /* rideshareUITests.xctest */ = {isa = PBXFileReference; explicitFileType = wrapper.cfbundle; includeInIndex = 0; path = rideshareUITests.xctest; sourceTree = BUILT_PRODUCTS_DIR; };
		A3EBDC372547C3190019B31B /* rideshareUITests.swift */ = {isa = PBXFileReference; lastKnownFileType = sourcecode.swift; path = rideshareUITests.swift; sourceTree = "<group>"; };
		A3EBDC392547C3190019B31B /* Info.plist */ = {isa = PBXFileReference; lastKnownFileType = text.plist.xml; path = Info.plist; sourceTree = "<group>"; };
		CA88661A7DF5FCB83D45BC1E /* Pods-rideshareTests.release.xcconfig */ = {isa = PBXFileReference; includeInIndex = 1; lastKnownFileType = text.xcconfig; name = "Pods-rideshareTests.release.xcconfig"; path = "Target Support Files/Pods-rideshareTests/Pods-rideshareTests.release.xcconfig"; sourceTree = "<group>"; };
		CFE7941CC011BD32589D7E76 /* Pods_rideshare_rideshareUITests.framework */ = {isa = PBXFileReference; explicitFileType = wrapper.framework; includeInIndex = 0; path = Pods_rideshare_rideshareUITests.framework; sourceTree = BUILT_PRODUCTS_DIR; };
/* End PBXFileReference section */

/* Begin PBXFrameworksBuildPhase section */
		A3EBDC0F2547C3180019B31B /* Frameworks */ = {
			isa = PBXFrameworksBuildPhase;
			buildActionMask = 2147483647;
			files = (
				703E0AF3A3E85A466695D7C3 /* Pods_rideshare.framework in Frameworks */,
			);
			runOnlyForDeploymentPostprocessing = 0;
		};
		A3EBDC252547C3190019B31B /* Frameworks */ = {
			isa = PBXFrameworksBuildPhase;
			buildActionMask = 2147483647;
			files = (
				45266175CFB098CA7FB83DFC /* Pods_rideshareTests.framework in Frameworks */,
			);
			runOnlyForDeploymentPostprocessing = 0;
		};
		A3EBDC302547C3190019B31B /* Frameworks */ = {
			isa = PBXFrameworksBuildPhase;
			buildActionMask = 2147483647;
			files = (
				73D8A580E223BCEB97009AAA /* Pods_rideshare_rideshareUITests.framework in Frameworks */,
			);
			runOnlyForDeploymentPostprocessing = 0;
		};
/* End PBXFrameworksBuildPhase section */

/* Begin PBXGroup section */
		1603E59B1D9BE6D1638F5407 /* Pods */ = {
			isa = PBXGroup;
			children = (
				7F74A1F4BA3DF5D2E3509D3F /* Pods-rideshare.debug.xcconfig */,
				825AFF90E0B4AB9BCAC059D7 /* Pods-rideshare.release.xcconfig */,
				82E04AB6D89A2E92DEC6B6A9 /* Pods-rideshare-rideshareUITests.debug.xcconfig */,
				6EC6106B182843B56A51E3CC /* Pods-rideshare-rideshareUITests.release.xcconfig */,
				043127EACA48CF0C1047517C /* Pods-rideshareTests.debug.xcconfig */,
				CA88661A7DF5FCB83D45BC1E /* Pods-rideshareTests.release.xcconfig */,
			);
			path = Pods;
			sourceTree = "<group>";
		};
		4838C90025637164003C4C5C /* Views */ = {
			isa = PBXGroup;
			children = (
				48D44A922563725800E02BB7 /* AccountDetailsTableViewCell.swift */,
				48D44A902563725800E02BB7 /* ProfileTableViewCell.swift */,
				48D44A912563725800E02BB7 /* RideOfferingTableViewCell.swift */,
				A33E37FE2568B33F0047D348 /* SettingsProfileCell.swift */,
				A3D8185B25699E47003F4510 /* SettingsContentCell.swift */,
			);
			path = Views;
			sourceTree = "<group>";
		};
		A34CDDEF254DB8C900153A26 /* Networking */ = {
			isa = PBXGroup;
			children = (
			);
			path = Networking;
			sourceTree = "<group>";
		};
		A3986FEB254DB73800210C3E /* Storyboards */ = {
			isa = PBXGroup;
			children = (
				48D44A882563724800E02BB7 /* AccountDetails.storyboard */,
				48D44A872563724800E02BB7 /* Profile.storyboard */,
				48D44A892563724800E02BB7 /* RideOfferings.storyboard */,
				A3EBDC1B2547C3180019B31B /* Main.storyboard */,
				20AAD686256369E100DFB63F /* RideDetails.storyboard */,
				20AAD681256369BF00DFB63F /* NewRide.storyboard */,
				A34CDDF3254DB92900153A26 /* LoginScreen.storyboard */,
				A3EBDC202547C3190019B31B /* LaunchScreen.storyboard */,
				A33E37F025689C530047D348 /* Settings.storyboard */,
			);
			path = Storyboards;
			sourceTree = "<group>";
		};
		A3986FEC254DB74C00210C3E /* Controllers */ = {
			isa = PBXGroup;
			children = (
				48D44A7E2563721900E02BB7 /* AccountDetailsViewController.swift */,
				48D44A7F2563721900E02BB7 /* ProfileViewController.swift */,
				48D44A802563721900E02BB7 /* RideOfferingsViewController.swift */,
				20AAD67C2560AE6C00DFB63F /* RideDetailsViewController.swift */,
				20AAD6772560A90300DFB63F /* NewRideViewController.swift */,
				20AAD66A25608B8100DFB63F /* LoginViewController.swift */,
				A33E37F92568B22E0047D348 /* SettingsViewController.swift */,
				A35CACA7256DECD40019C89E /* SignUpViewController.swift */,
			);
			path = Controllers;
			sourceTree = "<group>";
		};
		A3986FF1254DB86000210C3E /* Models */ = {
			isa = PBXGroup;
			children = (
				A3DE1646256AEFF50048196E /* User.swift */,
				A3DE164B256AF1330048196E /* Trip.swift */,
			);
			path = Models;
			sourceTree = "<group>";
		};
		A3BF3053255CE0D200167216 /* Fonts */ = {
			isa = PBXGroup;
			children = (
				A3A706692560668300A597BD /* Inter-Black-slnt=0.ttf */,
				A3A706672560668200A597BD /* Inter-Bold-slnt=0.ttf */,
				A3A706622560668200A597BD /* Inter-ExtraBold-slnt=0.ttf */,
				A3A706642560668200A597BD /* Inter-ExtraLight-slnt=0.ttf */,
				A3A706632560668200A597BD /* Inter-Light-slnt=0.ttf */,
				A3A706662560668200A597BD /* Inter-Medium-slnt=0.ttf */,
				A3A706682560668300A597BD /* Inter-Regular-slnt=0.ttf */,
				A3A706652560668200A597BD /* Inter-SemiBold-slnt=0.ttf */,
				A3A706612560668200A597BD /* Inter-Thin-slnt=0.ttf */,
			);
			path = Fonts;
			sourceTree = "<group>";
		};
		A3EBDC092547C3170019B31B = {
			isa = PBXGroup;
			children = (
				A3EBDC142547C3180019B31B /* rideshare */,
				A3EBDC2B2547C3190019B31B /* rideshareTests */,
				A3EBDC362547C3190019B31B /* rideshareUITests */,
				A3EBDC132547C3180019B31B /* Products */,
				1603E59B1D9BE6D1638F5407 /* Pods */,
				FD5BE36D9E80F392E6EE08EA /* Frameworks */,
			);
			sourceTree = "<group>";
		};
		A3EBDC132547C3180019B31B /* Products */ = {
			isa = PBXGroup;
			children = (
				A3EBDC122547C3180019B31B /* rideshare.app */,
				A3EBDC282547C3190019B31B /* rideshareTests.xctest */,
				A3EBDC332547C3190019B31B /* rideshareUITests.xctest */,
			);
			name = Products;
			sourceTree = "<group>";
		};
		A3EBDC142547C3180019B31B /* rideshare */ = {
			isa = PBXGroup;
			children = (
				4838C90025637164003C4C5C /* Views */,
				A3BF3053255CE0D200167216 /* Fonts */,
				A34CDDEF254DB8C900153A26 /* Networking */,
				A3986FEB254DB73800210C3E /* Storyboards */,
				A3986FF1254DB86000210C3E /* Models */,
				A3EBDC152547C3180019B31B /* AppDelegate.swift */,
				A3EBDC172547C3180019B31B /* SceneDelegate.swift */,
				A3986FEC254DB74C00210C3E /* Controllers */,
				A3EBDC1E2547C3190019B31B /* Assets.xcassets */,
				A3EBDC232547C3190019B31B /* Info.plist */,
			);
			path = rideshare;
			sourceTree = "<group>";
		};
		A3EBDC2B2547C3190019B31B /* rideshareTests */ = {
			isa = PBXGroup;
			children = (
				A3EBDC2C2547C3190019B31B /* rideshareTests.swift */,
				A3EBDC2E2547C3190019B31B /* Info.plist */,
			);
			path = rideshareTests;
			sourceTree = "<group>";
		};
		A3EBDC362547C3190019B31B /* rideshareUITests */ = {
			isa = PBXGroup;
			children = (
				A3EBDC372547C3190019B31B /* rideshareUITests.swift */,
				A3EBDC392547C3190019B31B /* Info.plist */,
			);
			path = rideshareUITests;
			sourceTree = "<group>";
		};
		FD5BE36D9E80F392E6EE08EA /* Frameworks */ = {
			isa = PBXGroup;
			children = (
				9E22A1D47B076A00234AF5FB /* Pods_rideshare.framework */,
				CFE7941CC011BD32589D7E76 /* Pods_rideshare_rideshareUITests.framework */,
				0BF0CB0EA57EE68C07BE5E0B /* Pods_rideshareTests.framework */,
			);
			name = Frameworks;
			sourceTree = "<group>";
		};
/* End PBXGroup section */

/* Begin PBXNativeTarget section */
		A3EBDC112547C3180019B31B /* rideshare */ = {
			isa = PBXNativeTarget;
			buildConfigurationList = A3EBDC3C2547C3190019B31B /* Build configuration list for PBXNativeTarget "rideshare" */;
			buildPhases = (
				056ABA99D9C4DAED2CEEA973 /* [CP] Check Pods Manifest.lock */,
				A3EBDC0E2547C3180019B31B /* Sources */,
				A3EBDC0F2547C3180019B31B /* Frameworks */,
				A3EBDC102547C3180019B31B /* Resources */,
				B3C99588B31CAF743E55C048 /* [CP] Embed Pods Frameworks */,
			);
			buildRules = (
			);
			dependencies = (
			);
			name = rideshare;
			productName = rideshare;
			productReference = A3EBDC122547C3180019B31B /* rideshare.app */;
			productType = "com.apple.product-type.application";
		};
		A3EBDC272547C3190019B31B /* rideshareTests */ = {
			isa = PBXNativeTarget;
			buildConfigurationList = A3EBDC3F2547C3190019B31B /* Build configuration list for PBXNativeTarget "rideshareTests" */;
			buildPhases = (
				74FA406A0116F0F6A1D71FE8 /* [CP] Check Pods Manifest.lock */,
				A3EBDC242547C3190019B31B /* Sources */,
				A3EBDC252547C3190019B31B /* Frameworks */,
				A3EBDC262547C3190019B31B /* Resources */,
			);
			buildRules = (
			);
			dependencies = (
				A3EBDC2A2547C3190019B31B /* PBXTargetDependency */,
			);
			name = rideshareTests;
			productName = rideshareTests;
			productReference = A3EBDC282547C3190019B31B /* rideshareTests.xctest */;
			productType = "com.apple.product-type.bundle.unit-test";
		};
		A3EBDC322547C3190019B31B /* rideshareUITests */ = {
			isa = PBXNativeTarget;
			buildConfigurationList = A3EBDC422547C3190019B31B /* Build configuration list for PBXNativeTarget "rideshareUITests" */;
			buildPhases = (
				BD2FAC8D37E63FF73FED3497 /* [CP] Check Pods Manifest.lock */,
				A3EBDC2F2547C3190019B31B /* Sources */,
				A3EBDC302547C3190019B31B /* Frameworks */,
				A3EBDC312547C3190019B31B /* Resources */,
				E6450012C08F94B1C8B4095C /* [CP] Embed Pods Frameworks */,
			);
			buildRules = (
			);
			dependencies = (
				A3EBDC352547C3190019B31B /* PBXTargetDependency */,
			);
			name = rideshareUITests;
			productName = rideshareUITests;
			productReference = A3EBDC332547C3190019B31B /* rideshareUITests.xctest */;
			productType = "com.apple.product-type.bundle.ui-testing";
		};
/* End PBXNativeTarget section */

/* Begin PBXProject section */
		A3EBDC0A2547C3170019B31B /* Project object */ = {
			isa = PBXProject;
			attributes = {
				LastSwiftUpdateCheck = 1210;
				LastUpgradeCheck = 1210;
				TargetAttributes = {
					A3EBDC112547C3180019B31B = {
						CreatedOnToolsVersion = 12.1;
					};
					A3EBDC272547C3190019B31B = {
						CreatedOnToolsVersion = 12.1;
						TestTargetID = A3EBDC112547C3180019B31B;
					};
					A3EBDC322547C3190019B31B = {
						CreatedOnToolsVersion = 12.1;
						TestTargetID = A3EBDC112547C3180019B31B;
					};
				};
			};
			buildConfigurationList = A3EBDC0D2547C3170019B31B /* Build configuration list for PBXProject "rideshare" */;
			compatibilityVersion = "Xcode 9.3";
			developmentRegion = en;
			hasScannedForEncodings = 0;
			knownRegions = (
				en,
				Base,
			);
			mainGroup = A3EBDC092547C3170019B31B;
			productRefGroup = A3EBDC132547C3180019B31B /* Products */;
			projectDirPath = "";
			projectRoot = "";
			targets = (
				A3EBDC112547C3180019B31B /* rideshare */,
				A3EBDC272547C3190019B31B /* rideshareTests */,
				A3EBDC322547C3190019B31B /* rideshareUITests */,
			);
		};
/* End PBXProject section */

/* Begin PBXResourcesBuildPhase section */
		A3EBDC102547C3180019B31B /* Resources */ = {
			isa = PBXResourcesBuildPhase;
			buildActionMask = 2147483647;
			files = (
				A3A7066C2560668300A597BD /* Inter-Light-slnt=0.ttf in Resources */,
				A3EBDC222547C3190019B31B /* LaunchScreen.storyboard in Resources */,
				A3EBDC1F2547C3190019B31B /* Assets.xcassets in Resources */,
				A34CDDF5254DB92900153A26 /* LoginScreen.storyboard in Resources */,
				48D44A8C2563724800E02BB7 /* RideOfferings.storyboard in Resources */,
				A3A706712560668300A597BD /* Inter-Regular-slnt=0.ttf in Resources */,
				A3A7066B2560668300A597BD /* Inter-ExtraBold-slnt=0.ttf in Resources */,
				A33E37F225689C530047D348 /* Settings.storyboard in Resources */,
				A3A7066D2560668300A597BD /* Inter-ExtraLight-slnt=0.ttf in Resources */,
				A3A706722560668300A597BD /* Inter-Black-slnt=0.ttf in Resources */,
				A3A7066F2560668300A597BD /* Inter-Medium-slnt=0.ttf in Resources */,
				20AAD682256369BF00DFB63F /* NewRide.storyboard in Resources */,
				48D44A8B2563724800E02BB7 /* AccountDetails.storyboard in Resources */,
				48D44A8A2563724800E02BB7 /* Profile.storyboard in Resources */,
				A3A706702560668300A597BD /* Inter-Bold-slnt=0.ttf in Resources */,
				A3EBDC1D2547C3180019B31B /* Main.storyboard in Resources */,
				A3A7066A2560668300A597BD /* Inter-Thin-slnt=0.ttf in Resources */,
				A3A7066E2560668300A597BD /* Inter-SemiBold-slnt=0.ttf in Resources */,
				20AAD687256369E100DFB63F /* RideDetails.storyboard in Resources */,
			);
			runOnlyForDeploymentPostprocessing = 0;
		};
		A3EBDC262547C3190019B31B /* Resources */ = {
			isa = PBXResourcesBuildPhase;
			buildActionMask = 2147483647;
			files = (
			);
			runOnlyForDeploymentPostprocessing = 0;
		};
		A3EBDC312547C3190019B31B /* Resources */ = {
			isa = PBXResourcesBuildPhase;
			buildActionMask = 2147483647;
			files = (
			);
			runOnlyForDeploymentPostprocessing = 0;
		};
/* End PBXResourcesBuildPhase section */

/* Begin PBXShellScriptBuildPhase section */
		056ABA99D9C4DAED2CEEA973 /* [CP] Check Pods Manifest.lock */ = {
			isa = PBXShellScriptBuildPhase;
			buildActionMask = 2147483647;
			files = (
			);
			inputFileListPaths = (
			);
			inputPaths = (
				"${PODS_PODFILE_DIR_PATH}/Podfile.lock",
				"${PODS_ROOT}/Manifest.lock",
			);
			name = "[CP] Check Pods Manifest.lock";
			outputFileListPaths = (
			);
			outputPaths = (
				"$(DERIVED_FILE_DIR)/Pods-rideshare-checkManifestLockResult.txt",
			);
			runOnlyForDeploymentPostprocessing = 0;
			shellPath = /bin/sh;
			shellScript = "diff \"${PODS_PODFILE_DIR_PATH}/Podfile.lock\" \"${PODS_ROOT}/Manifest.lock\" > /dev/null\nif [ $? != 0 ] ; then\n    # print error to STDERR\n    echo \"error: The sandbox is not in sync with the Podfile.lock. Run 'pod install' or update your CocoaPods installation.\" >&2\n    exit 1\nfi\n# This output is used by Xcode 'outputs' to avoid re-running this script phase.\necho \"SUCCESS\" > \"${SCRIPT_OUTPUT_FILE_0}\"\n";
			showEnvVarsInLog = 0;
		};
		74FA406A0116F0F6A1D71FE8 /* [CP] Check Pods Manifest.lock */ = {
			isa = PBXShellScriptBuildPhase;
			buildActionMask = 2147483647;
			files = (
			);
			inputFileListPaths = (
			);
			inputPaths = (
				"${PODS_PODFILE_DIR_PATH}/Podfile.lock",
				"${PODS_ROOT}/Manifest.lock",
			);
			name = "[CP] Check Pods Manifest.lock";
			outputFileListPaths = (
			);
			outputPaths = (
				"$(DERIVED_FILE_DIR)/Pods-rideshareTests-checkManifestLockResult.txt",
			);
			runOnlyForDeploymentPostprocessing = 0;
			shellPath = /bin/sh;
			shellScript = "diff \"${PODS_PODFILE_DIR_PATH}/Podfile.lock\" \"${PODS_ROOT}/Manifest.lock\" > /dev/null\nif [ $? != 0 ] ; then\n    # print error to STDERR\n    echo \"error: The sandbox is not in sync with the Podfile.lock. Run 'pod install' or update your CocoaPods installation.\" >&2\n    exit 1\nfi\n# This output is used by Xcode 'outputs' to avoid re-running this script phase.\necho \"SUCCESS\" > \"${SCRIPT_OUTPUT_FILE_0}\"\n";
			showEnvVarsInLog = 0;
		};
		B3C99588B31CAF743E55C048 /* [CP] Embed Pods Frameworks */ = {
			isa = PBXShellScriptBuildPhase;
			buildActionMask = 2147483647;
			files = (
			);
			inputFileListPaths = (
				"${PODS_ROOT}/Target Support Files/Pods-rideshare/Pods-rideshare-frameworks-${CONFIGURATION}-input-files.xcfilelist",
			);
			name = "[CP] Embed Pods Frameworks";
			outputFileListPaths = (
				"${PODS_ROOT}/Target Support Files/Pods-rideshare/Pods-rideshare-frameworks-${CONFIGURATION}-output-files.xcfilelist",
			);
			runOnlyForDeploymentPostprocessing = 0;
			shellPath = /bin/sh;
			shellScript = "\"${PODS_ROOT}/Target Support Files/Pods-rideshare/Pods-rideshare-frameworks.sh\"\n";
			showEnvVarsInLog = 0;
		};
		BD2FAC8D37E63FF73FED3497 /* [CP] Check Pods Manifest.lock */ = {
			isa = PBXShellScriptBuildPhase;
			buildActionMask = 2147483647;
			files = (
			);
			inputFileListPaths = (
			);
			inputPaths = (
				"${PODS_PODFILE_DIR_PATH}/Podfile.lock",
				"${PODS_ROOT}/Manifest.lock",
			);
			name = "[CP] Check Pods Manifest.lock";
			outputFileListPaths = (
			);
			outputPaths = (
				"$(DERIVED_FILE_DIR)/Pods-rideshare-rideshareUITests-checkManifestLockResult.txt",
			);
			runOnlyForDeploymentPostprocessing = 0;
			shellPath = /bin/sh;
			shellScript = "diff \"${PODS_PODFILE_DIR_PATH}/Podfile.lock\" \"${PODS_ROOT}/Manifest.lock\" > /dev/null\nif [ $? != 0 ] ; then\n    # print error to STDERR\n    echo \"error: The sandbox is not in sync with the Podfile.lock. Run 'pod install' or update your CocoaPods installation.\" >&2\n    exit 1\nfi\n# This output is used by Xcode 'outputs' to avoid re-running this script phase.\necho \"SUCCESS\" > \"${SCRIPT_OUTPUT_FILE_0}\"\n";
			showEnvVarsInLog = 0;
		};
		E6450012C08F94B1C8B4095C /* [CP] Embed Pods Frameworks */ = {
			isa = PBXShellScriptBuildPhase;
			buildActionMask = 2147483647;
			files = (
			);
			inputFileListPaths = (
				"${PODS_ROOT}/Target Support Files/Pods-rideshare-rideshareUITests/Pods-rideshare-rideshareUITests-frameworks-${CONFIGURATION}-input-files.xcfilelist",
			);
			name = "[CP] Embed Pods Frameworks";
			outputFileListPaths = (
				"${PODS_ROOT}/Target Support Files/Pods-rideshare-rideshareUITests/Pods-rideshare-rideshareUITests-frameworks-${CONFIGURATION}-output-files.xcfilelist",
			);
			runOnlyForDeploymentPostprocessing = 0;
			shellPath = /bin/sh;
			shellScript = "\"${PODS_ROOT}/Target Support Files/Pods-rideshare-rideshareUITests/Pods-rideshare-rideshareUITests-frameworks.sh\"\n";
			showEnvVarsInLog = 0;
		};
/* End PBXShellScriptBuildPhase section */

/* Begin PBXSourcesBuildPhase section */
		A3EBDC0E2547C3180019B31B /* Sources */ = {
			isa = PBXSourcesBuildPhase;
			buildActionMask = 2147483647;
			files = (
				20AAD66B25608B8100DFB63F /* LoginViewController.swift in Sources */,
				48D44A942563725800E02BB7 /* RideOfferingTableViewCell.swift in Sources */,
				A33E37FF2568B33F0047D348 /* SettingsProfileCell.swift in Sources */,
				A3EBDC162547C3180019B31B /* AppDelegate.swift in Sources */,
				A3DE164C256AF1330048196E /* Trip.swift in Sources */,
				A35CACA8256DECD40019C89E /* SignUpViewController.swift in Sources */,
				20AAD67D2560AE6C00DFB63F /* RideDetailsViewController.swift in Sources */,
				48D44A952563725800E02BB7 /* AccountDetailsTableViewCell.swift in Sources */,
				A3D8185C25699E47003F4510 /* SettingsContentCell.swift in Sources */,
				48D44A932563725800E02BB7 /* ProfileTableViewCell.swift in Sources */,
				A3DE1647256AEFF50048196E /* User.swift in Sources */,
				A3EBDC182547C3180019B31B /* SceneDelegate.swift in Sources */,
				48D44A822563721900E02BB7 /* ProfileViewController.swift in Sources */,
				20AAD6782560A90300DFB63F /* NewRideViewController.swift in Sources */,
				48D44A832563721900E02BB7 /* RideOfferingsViewController.swift in Sources */,
				48D44A812563721900E02BB7 /* AccountDetailsViewController.swift in Sources */,
				A33E37FA2568B22E0047D348 /* SettingsViewController.swift in Sources */,
			);
			runOnlyForDeploymentPostprocessing = 0;
		};
		A3EBDC242547C3190019B31B /* Sources */ = {
			isa = PBXSourcesBuildPhase;
			buildActionMask = 2147483647;
			files = (
				A3EBDC2D2547C3190019B31B /* rideshareTests.swift in Sources */,
			);
			runOnlyForDeploymentPostprocessing = 0;
		};
		A3EBDC2F2547C3190019B31B /* Sources */ = {
			isa = PBXSourcesBuildPhase;
			buildActionMask = 2147483647;
			files = (
				A3EBDC382547C3190019B31B /* rideshareUITests.swift in Sources */,
			);
			runOnlyForDeploymentPostprocessing = 0;
		};
/* End PBXSourcesBuildPhase section */

/* Begin PBXTargetDependency section */
		A3EBDC2A2547C3190019B31B /* PBXTargetDependency */ = {
			isa = PBXTargetDependency;
			target = A3EBDC112547C3180019B31B /* rideshare */;
			targetProxy = A3EBDC292547C3190019B31B /* PBXContainerItemProxy */;
		};
		A3EBDC352547C3190019B31B /* PBXTargetDependency */ = {
			isa = PBXTargetDependency;
			target = A3EBDC112547C3180019B31B /* rideshare */;
			targetProxy = A3EBDC342547C3190019B31B /* PBXContainerItemProxy */;
		};
/* End PBXTargetDependency section */

/* Begin PBXVariantGroup section */
		A33E37F025689C530047D348 /* Settings.storyboard */ = {
			isa = PBXVariantGroup;
			children = (
				A33E37F125689C530047D348 /* Base */,
			);
			name = Settings.storyboard;
			sourceTree = "<group>";
		};
		A34CDDF3254DB92900153A26 /* LoginScreen.storyboard */ = {
			isa = PBXVariantGroup;
			children = (
				A34CDDF4254DB92900153A26 /* Base */,
			);
			name = LoginScreen.storyboard;
			sourceTree = "<group>";
		};
		A3EBDC1B2547C3180019B31B /* Main.storyboard */ = {
			isa = PBXVariantGroup;
			children = (
				A3EBDC1C2547C3180019B31B /* Base */,
			);
			name = Main.storyboard;
			sourceTree = "<group>";
		};
		A3EBDC202547C3190019B31B /* LaunchScreen.storyboard */ = {
			isa = PBXVariantGroup;
			children = (
				A3EBDC212547C3190019B31B /* Base */,
			);
			name = LaunchScreen.storyboard;
			sourceTree = "<group>";
		};
/* End PBXVariantGroup section */

/* Begin XCBuildConfiguration section */
		A3EBDC3A2547C3190019B31B /* Debug */ = {
			isa = XCBuildConfiguration;
			buildSettings = {
				ALWAYS_SEARCH_USER_PATHS = NO;
				CLANG_ANALYZER_NONNULL = YES;
				CLANG_ANALYZER_NUMBER_OBJECT_CONVERSION = YES_AGGRESSIVE;
				CLANG_CXX_LANGUAGE_STANDARD = "gnu++14";
				CLANG_CXX_LIBRARY = "libc++";
				CLANG_ENABLE_MODULES = YES;
				CLANG_ENABLE_OBJC_ARC = YES;
				CLANG_ENABLE_OBJC_WEAK = YES;
				CLANG_WARN_BLOCK_CAPTURE_AUTORELEASING = YES;
				CLANG_WARN_BOOL_CONVERSION = YES;
				CLANG_WARN_COMMA = YES;
				CLANG_WARN_CONSTANT_CONVERSION = YES;
				CLANG_WARN_DEPRECATED_OBJC_IMPLEMENTATIONS = YES;
				CLANG_WARN_DIRECT_OBJC_ISA_USAGE = YES_ERROR;
				CLANG_WARN_DOCUMENTATION_COMMENTS = YES;
				CLANG_WARN_EMPTY_BODY = YES;
				CLANG_WARN_ENUM_CONVERSION = YES;
				CLANG_WARN_INFINITE_RECURSION = YES;
				CLANG_WARN_INT_CONVERSION = YES;
				CLANG_WARN_NON_LITERAL_NULL_CONVERSION = YES;
				CLANG_WARN_OBJC_IMPLICIT_RETAIN_SELF = YES;
				CLANG_WARN_OBJC_LITERAL_CONVERSION = YES;
				CLANG_WARN_OBJC_ROOT_CLASS = YES_ERROR;
				CLANG_WARN_QUOTED_INCLUDE_IN_FRAMEWORK_HEADER = YES;
				CLANG_WARN_RANGE_LOOP_ANALYSIS = YES;
				CLANG_WARN_STRICT_PROTOTYPES = YES;
				CLANG_WARN_SUSPICIOUS_MOVE = YES;
				CLANG_WARN_UNGUARDED_AVAILABILITY = YES_AGGRESSIVE;
				CLANG_WARN_UNREACHABLE_CODE = YES;
				CLANG_WARN__DUPLICATE_METHOD_MATCH = YES;
				COPY_PHASE_STRIP = NO;
				DEBUG_INFORMATION_FORMAT = dwarf;
				ENABLE_STRICT_OBJC_MSGSEND = YES;
				ENABLE_TESTABILITY = YES;
				GCC_C_LANGUAGE_STANDARD = gnu11;
				GCC_DYNAMIC_NO_PIC = NO;
				GCC_NO_COMMON_BLOCKS = YES;
				GCC_OPTIMIZATION_LEVEL = 0;
				GCC_PREPROCESSOR_DEFINITIONS = (
					"DEBUG=1",
					"$(inherited)",
				);
				GCC_WARN_64_TO_32_BIT_CONVERSION = YES;
				GCC_WARN_ABOUT_RETURN_TYPE = YES_ERROR;
				GCC_WARN_UNDECLARED_SELECTOR = YES;
				GCC_WARN_UNINITIALIZED_AUTOS = YES_AGGRESSIVE;
				GCC_WARN_UNUSED_FUNCTION = YES;
				GCC_WARN_UNUSED_VARIABLE = YES;
				IPHONEOS_DEPLOYMENT_TARGET = 14.1;
				MTL_ENABLE_DEBUG_INFO = INCLUDE_SOURCE;
				MTL_FAST_MATH = YES;
				ONLY_ACTIVE_ARCH = YES;
				SDKROOT = iphoneos;
				SWIFT_ACTIVE_COMPILATION_CONDITIONS = DEBUG;
				SWIFT_OPTIMIZATION_LEVEL = "-Onone";
			};
			name = Debug;
		};
		A3EBDC3B2547C3190019B31B /* Release */ = {
			isa = XCBuildConfiguration;
			buildSettings = {
				ALWAYS_SEARCH_USER_PATHS = NO;
				CLANG_ANALYZER_NONNULL = YES;
				CLANG_ANALYZER_NUMBER_OBJECT_CONVERSION = YES_AGGRESSIVE;
				CLANG_CXX_LANGUAGE_STANDARD = "gnu++14";
				CLANG_CXX_LIBRARY = "libc++";
				CLANG_ENABLE_MODULES = YES;
				CLANG_ENABLE_OBJC_ARC = YES;
				CLANG_ENABLE_OBJC_WEAK = YES;
				CLANG_WARN_BLOCK_CAPTURE_AUTORELEASING = YES;
				CLANG_WARN_BOOL_CONVERSION = YES;
				CLANG_WARN_COMMA = YES;
				CLANG_WARN_CONSTANT_CONVERSION = YES;
				CLANG_WARN_DEPRECATED_OBJC_IMPLEMENTATIONS = YES;
				CLANG_WARN_DIRECT_OBJC_ISA_USAGE = YES_ERROR;
				CLANG_WARN_DOCUMENTATION_COMMENTS = YES;
				CLANG_WARN_EMPTY_BODY = YES;
				CLANG_WARN_ENUM_CONVERSION = YES;
				CLANG_WARN_INFINITE_RECURSION = YES;
				CLANG_WARN_INT_CONVERSION = YES;
				CLANG_WARN_NON_LITERAL_NULL_CONVERSION = YES;
				CLANG_WARN_OBJC_IMPLICIT_RETAIN_SELF = YES;
				CLANG_WARN_OBJC_LITERAL_CONVERSION = YES;
				CLANG_WARN_OBJC_ROOT_CLASS = YES_ERROR;
				CLANG_WARN_QUOTED_INCLUDE_IN_FRAMEWORK_HEADER = YES;
				CLANG_WARN_RANGE_LOOP_ANALYSIS = YES;
				CLANG_WARN_STRICT_PROTOTYPES = YES;
				CLANG_WARN_SUSPICIOUS_MOVE = YES;
				CLANG_WARN_UNGUARDED_AVAILABILITY = YES_AGGRESSIVE;
				CLANG_WARN_UNREACHABLE_CODE = YES;
				CLANG_WARN__DUPLICATE_METHOD_MATCH = YES;
				COPY_PHASE_STRIP = NO;
				DEBUG_INFORMATION_FORMAT = "dwarf-with-dsym";
				ENABLE_NS_ASSERTIONS = NO;
				ENABLE_STRICT_OBJC_MSGSEND = YES;
				GCC_C_LANGUAGE_STANDARD = gnu11;
				GCC_NO_COMMON_BLOCKS = YES;
				GCC_WARN_64_TO_32_BIT_CONVERSION = YES;
				GCC_WARN_ABOUT_RETURN_TYPE = YES_ERROR;
				GCC_WARN_UNDECLARED_SELECTOR = YES;
				GCC_WARN_UNINITIALIZED_AUTOS = YES_AGGRESSIVE;
				GCC_WARN_UNUSED_FUNCTION = YES;
				GCC_WARN_UNUSED_VARIABLE = YES;
				IPHONEOS_DEPLOYMENT_TARGET = 14.1;
				MTL_ENABLE_DEBUG_INFO = NO;
				MTL_FAST_MATH = YES;
				SDKROOT = iphoneos;
				SWIFT_COMPILATION_MODE = wholemodule;
				SWIFT_OPTIMIZATION_LEVEL = "-O";
				VALIDATE_PRODUCT = YES;
			};
			name = Release;
		};
		A3EBDC3D2547C3190019B31B /* Debug */ = {
			isa = XCBuildConfiguration;
			baseConfigurationReference = 7F74A1F4BA3DF5D2E3509D3F /* Pods-rideshare.debug.xcconfig */;
			buildSettings = {
				ASSETCATALOG_COMPILER_APPICON_NAME = AppIcon;
				ASSETCATALOG_COMPILER_GLOBAL_ACCENT_COLOR_NAME = AccentColor;
				CODE_SIGN_STYLE = Automatic;
				DEVELOPMENT_TEAM = Z2YQYG58W4;
				INFOPLIST_FILE = rideshare/Info.plist;
				LD_RUNPATH_SEARCH_PATHS = (
					"$(inherited)",
					"@executable_path/Frameworks",
				);
				PRODUCT_BUNDLE_IDENTIFIER = CodePath.rideshare;
				PRODUCT_NAME = "$(TARGET_NAME)";
				SWIFT_VERSION = 5.0;
				TARGETED_DEVICE_FAMILY = "1,2";
			};
			name = Debug;
		};
		A3EBDC3E2547C3190019B31B /* Release */ = {
			isa = XCBuildConfiguration;
			baseConfigurationReference = 825AFF90E0B4AB9BCAC059D7 /* Pods-rideshare.release.xcconfig */;
			buildSettings = {
				ASSETCATALOG_COMPILER_APPICON_NAME = AppIcon;
				ASSETCATALOG_COMPILER_GLOBAL_ACCENT_COLOR_NAME = AccentColor;
				CODE_SIGN_STYLE = Automatic;
				DEVELOPMENT_TEAM = Z2YQYG58W4;
				INFOPLIST_FILE = rideshare/Info.plist;
				LD_RUNPATH_SEARCH_PATHS = (
					"$(inherited)",
					"@executable_path/Frameworks",
				);
				PRODUCT_BUNDLE_IDENTIFIER = CodePath.rideshare;
				PRODUCT_NAME = "$(TARGET_NAME)";
				SWIFT_VERSION = 5.0;
				TARGETED_DEVICE_FAMILY = "1,2";
			};
			name = Release;
		};
		A3EBDC402547C3190019B31B /* Debug */ = {
			isa = XCBuildConfiguration;
			baseConfigurationReference = 043127EACA48CF0C1047517C /* Pods-rideshareTests.debug.xcconfig */;
			buildSettings = {
				ALWAYS_EMBED_SWIFT_STANDARD_LIBRARIES = YES;
				BUNDLE_LOADER = "$(TEST_HOST)";
				CODE_SIGN_STYLE = Automatic;
				DEVELOPMENT_TEAM = Z2YQYG58W4;
				INFOPLIST_FILE = rideshareTests/Info.plist;
				IPHONEOS_DEPLOYMENT_TARGET = 14.1;
				LD_RUNPATH_SEARCH_PATHS = (
					"$(inherited)",
					"@executable_path/Frameworks",
					"@loader_path/Frameworks",
				);
				PRODUCT_BUNDLE_IDENTIFIER = CodePath.rideshareTests;
				PRODUCT_NAME = "$(TARGET_NAME)";
				SWIFT_VERSION = 5.0;
				TARGETED_DEVICE_FAMILY = "1,2";
				TEST_HOST = "$(BUILT_PRODUCTS_DIR)/rideshare.app/rideshare";
			};
			name = Debug;
		};
		A3EBDC412547C3190019B31B /* Release */ = {
			isa = XCBuildConfiguration;
			baseConfigurationReference = CA88661A7DF5FCB83D45BC1E /* Pods-rideshareTests.release.xcconfig */;
			buildSettings = {
				ALWAYS_EMBED_SWIFT_STANDARD_LIBRARIES = YES;
				BUNDLE_LOADER = "$(TEST_HOST)";
				CODE_SIGN_STYLE = Automatic;
				DEVELOPMENT_TEAM = Z2YQYG58W4;
				INFOPLIST_FILE = rideshareTests/Info.plist;
				IPHONEOS_DEPLOYMENT_TARGET = 14.1;
				LD_RUNPATH_SEARCH_PATHS = (
					"$(inherited)",
					"@executable_path/Frameworks",
					"@loader_path/Frameworks",
				);
				PRODUCT_BUNDLE_IDENTIFIER = CodePath.rideshareTests;
				PRODUCT_NAME = "$(TARGET_NAME)";
				SWIFT_VERSION = 5.0;
				TARGETED_DEVICE_FAMILY = "1,2";
				TEST_HOST = "$(BUILT_PRODUCTS_DIR)/rideshare.app/rideshare";
			};
			name = Release;
		};
		A3EBDC432547C3190019B31B /* Debug */ = {
			isa = XCBuildConfiguration;
			baseConfigurationReference = 82E04AB6D89A2E92DEC6B6A9 /* Pods-rideshare-rideshareUITests.debug.xcconfig */;
			buildSettings = {
				ALWAYS_EMBED_SWIFT_STANDARD_LIBRARIES = YES;
				CODE_SIGN_STYLE = Automatic;
				DEVELOPMENT_TEAM = Z2YQYG58W4;
				INFOPLIST_FILE = rideshareUITests/Info.plist;
				LD_RUNPATH_SEARCH_PATHS = (
					"$(inherited)",
					"@executable_path/Frameworks",
					"@loader_path/Frameworks",
				);
				PRODUCT_BUNDLE_IDENTIFIER = CodePath.rideshareUITests;
				PRODUCT_NAME = "$(TARGET_NAME)";
				SWIFT_VERSION = 5.0;
				TARGETED_DEVICE_FAMILY = "1,2";
				TEST_TARGET_NAME = rideshare;
			};
			name = Debug;
		};
		A3EBDC442547C3190019B31B /* Release */ = {
			isa = XCBuildConfiguration;
			baseConfigurationReference = 6EC6106B182843B56A51E3CC /* Pods-rideshare-rideshareUITests.release.xcconfig */;
			buildSettings = {
				ALWAYS_EMBED_SWIFT_STANDARD_LIBRARIES = YES;
				CODE_SIGN_STYLE = Automatic;
				DEVELOPMENT_TEAM = Z2YQYG58W4;
				INFOPLIST_FILE = rideshareUITests/Info.plist;
				LD_RUNPATH_SEARCH_PATHS = (
					"$(inherited)",
					"@executable_path/Frameworks",
					"@loader_path/Frameworks",
				);
				PRODUCT_BUNDLE_IDENTIFIER = CodePath.rideshareUITests;
				PRODUCT_NAME = "$(TARGET_NAME)";
				SWIFT_VERSION = 5.0;
				TARGETED_DEVICE_FAMILY = "1,2";
				TEST_TARGET_NAME = rideshare;
			};
			name = Release;
		};
/* End XCBuildConfiguration section */

/* Begin XCConfigurationList section */
		A3EBDC0D2547C3170019B31B /* Build configuration list for PBXProject "rideshare" */ = {
			isa = XCConfigurationList;
			buildConfigurations = (
				A3EBDC3A2547C3190019B31B /* Debug */,
				A3EBDC3B2547C3190019B31B /* Release */,
			);
			defaultConfigurationIsVisible = 0;
			defaultConfigurationName = Release;
		};
		A3EBDC3C2547C3190019B31B /* Build configuration list for PBXNativeTarget "rideshare" */ = {
			isa = XCConfigurationList;
			buildConfigurations = (
				A3EBDC3D2547C3190019B31B /* Debug */,
				A3EBDC3E2547C3190019B31B /* Release */,
			);
			defaultConfigurationIsVisible = 0;
			defaultConfigurationName = Release;
		};
		A3EBDC3F2547C3190019B31B /* Build configuration list for PBXNativeTarget "rideshareTests" */ = {
			isa = XCConfigurationList;
			buildConfigurations = (
				A3EBDC402547C3190019B31B /* Debug */,
				A3EBDC412547C3190019B31B /* Release */,
			);
			defaultConfigurationIsVisible = 0;
			defaultConfigurationName = Release;
		};
		A3EBDC422547C3190019B31B /* Build configuration list for PBXNativeTarget "rideshareUITests" */ = {
			isa = XCConfigurationList;
			buildConfigurations = (
				A3EBDC432547C3190019B31B /* Debug */,
				A3EBDC442547C3190019B31B /* Release */,
			);
			defaultConfigurationIsVisible = 0;
			defaultConfigurationName = Release;
		};
/* End XCConfigurationList section */
	};
	rootObject = A3EBDC0A2547C3170019B31B /* Project object */;
}
